{
    "_readme": [
        "This file locks the dependencies of your project to a known state",
        "Read more about it at http://getcomposer.org/doc/01-basic-usage.md#composer-lock-the-lock-file"
    ],
    "hash": "e630ebb91781f07f9585e2f7944ffc40",
    "packages": [
        {
            "name": "phly/mustache",
            "version": "1.2.1",
            "source": {
                "type": "git",
                "url": "https://github.com/phly/phly_mustache.git",
                "reference": "8f9f2b6644e1aa8439e195f5169f9435749cc763"
            },
            "dist": {
                "type": "zip",
                "url": "https://api.github.com/repos/phly/phly_mustache/zipball/8f9f2b6644e1aa8439e195f5169f9435749cc763",
                "reference": "8f9f2b6644e1aa8439e195f5169f9435749cc763",
                "shasum": ""
            },
            "require": {
                "php": ">=5.3.3"
            },
            "require-dev": {
                "phpunit/phpunit": "3.7.*"
            },
            "type": "library",
            "autoload": {
                "psr-0": {
                    "Phly": "library/"
                }
            },
            "notification-url": "https://packagist.org/downloads/",
            "license": [
                "BSD-3-Clause"
            ],
            "authors": [
                {
                    "name": "Matthew Weier O'Phinney",
                    "email": "me@mwop.net",
                    "homepage": "http://mwop.net/",
                    "role": "Developer"
                }
            ],
            "description": "PHP 5.3 Mustache Implementation",
            "homepage": "http://weierophinney.github.com/phly_mustache/",
            "keywords": [
                "mustache"
            ],
            "time": "2013-10-23 14:16:26"
        }
    ],
    "packages-dev": [
        {
            "name": "symfony/process",
            "version": "v2.4.1",
            "target-dir": "Symfony/Component/Process",
            "source": {
                "type": "git",
                "url": "https://github.com/symfony/Process.git",
                "reference": "58fdccb311e44f28866f976c2d7b3227e9f713db"
            },
            "dist": {
                "type": "zip",
                "url": "https://api.github.com/repos/symfony/Process/zipball/58fdccb311e44f28866f976c2d7b3227e9f713db",
                "reference": "58fdccb311e44f28866f976c2d7b3227e9f713db",
                "shasum": ""
            },
            "require": {
                "php": ">=5.3.3"
            },
            "type": "library",
            "extra": {
                "branch-alias": {
                    "dev-master": "2.4-dev"
                }
            },
            "autoload": {
                "psr-0": {
                    "Symfony\\Component\\Process\\": ""
                }
            },
            "notification-url": "https://packagist.org/downloads/",
            "license": [
                "MIT"
            ],
            "authors": [
                {
                    "name": "Fabien Potencier",
                    "email": "fabien@symfony.com"
                },
                {
                    "name": "Symfony Community",
                    "homepage": "http://symfony.com/contributors"
                }
            ],
            "description": "Symfony Process Component",
            "homepage": "http://symfony.com",
            "time": "2014-01-05 02:10:50"
        }
    ],
    "aliases": [

    ],
    "minimum-stability": "stable",
    "stability-flags": [

    ],
    "platform": {
        "php": ">=5.3.3"
    },
    "platform-dev": [

    ]
}
